
Microsoft Visual Studio Solution File, Format Version 12.00
# Visual Studio Version 17
VisualStudioVersion = 17.4.33205.214
MinimumVisualStudioVersion = 10.0.40219.1
Project("{FAE04EC0-301F-11D3-BF4B-00C04F79EFBC}") = "ID7", "ID7.csproj", "{12070E6D-0A72-4A1B-86C9-3ED2BDBDF149}"
EndProject
Global
	GlobalSection(SolutionConfigurationPlatforms) = preSolution
		Debug|Any CPU = Debug|Any CPU
		Release|Any CPU = Release|Any CPU
	EndGlobalSection
	GlobalSection(ProjectConfigurationPlatforms) = postSolution
		{12070E6D-0A72-4A1B-86C9-3ED2BDBDF149}.Debug|Any CPU.ActiveCfg = Debug|Any CPU
		{12070E6D-0A72-4A1B-86C9-3ED2BDBDF149}.Debug|Any CPU.Build.0 = Debug|Any CPU
		{12070E6D-0A72-4A1B-86C9-3ED2BDBDF149}.Release|Any CPU.ActiveCfg = Release|Any CPU
		{12070E6D-0A72-4A1B-86C9-3ED2BDBDF149}.Release|Any CPU.Build.0 = Release|Any CPU
	EndGlobalSection
	GlobalSection(SolutionProperties) = preSolution
		HideSolutionNode = FALSE
	EndGlobalSection
	GlobalSection(ExtensibilityGlobals) = postSolution
		SolutionGuid = {66F9589D-0B95-4061-9573-85F6F1BE14A1}
	EndGlobalSection
EndGlobal
